
Microsoft Visual Studio Solution File, Format Version 12.00
# Visual Studio Version 17
VisualStudioVersion = 17.3.32929.385
MinimumVisualStudioVersion = 10.0.40219.1
Project("{9A19103F-16F7-4668-BE54-9A1E7A4F7556}") = "whisper-hime", "whisper-hime.csproj", "{3A52B269-13DA-4005-8EFD-CD86B3C37161}"
EndProject
Global
	GlobalSection(SolutionConfigurationPlatforms) = preSolution
		Debug|Any CPU = Debug|Any CPU
		Release|Any CPU = Release|Any CPU
	EndGlobalSection
	GlobalSection(ProjectConfigurationPlatforms) = postSolution
		{3A52B269-13DA-4005-8EFD-CD86B3C37161}.Debug|Any CPU.ActiveCfg = Debug|Any CPU
		{3A52B269-13DA-4005-8EFD-CD86B3C37161}.Debug|Any CPU.Build.0 = Debug|Any CPU
		{3A52B269-13DA-4005-8EFD-CD86B3C37161}.Release|Any CPU.ActiveCfg = Release|Any CPU
		{3A52B269-13DA-4005-8EFD-CD86B3C37161}.Release|Any CPU.Build.0 = Release|Any CPU
	EndGlobalSection
	GlobalSection(SolutionProperties) = preSolution
		HideSolutionNode = FALSE
	EndGlobalSection
	GlobalSection(ExtensibilityGlobals) = postSolution
		SolutionGuid = {840EC63B-F02C-4D7D-917A-B14B5CECB10C}
	EndGlobalSection
EndGlobal
